
Microsoft Visual Studio Solution File, Format Version 12.00
# Visual Studio Version 17
VisualStudioVersion = 17.8.34322.80
MinimumVisualStudioVersion = 10.0.40219.1
Project("{FAE04EC0-301F-11D3-BF4B-00C04F79EFBC}") = "DevOpQuiz4", "DevOpQuiz4\DevOpQuiz4.csproj", "{ED519C19-6445-488D-B7D1-F97077C3AA5D}"
EndProject
Global
	GlobalSection(SolutionConfigurationPlatforms) = preSolution
		Debug|Any CPU = Debug|Any CPU
		Release|Any CPU = Release|Any CPU
	EndGlobalSection
	GlobalSection(ProjectConfigurationPlatforms) = postSolution
		{ED519C19-6445-488D-B7D1-F97077C3AA5D}.Debug|Any CPU.ActiveCfg = Debug|Any CPU
		{ED519C19-6445-488D-B7D1-F97077C3AA5D}.Debug|Any CPU.Build.0 = Debug|Any CPU
		{ED519C19-6445-488D-B7D1-F97077C3AA5D}.Release|Any CPU.ActiveCfg = Release|Any CPU
		{ED519C19-6445-488D-B7D1-F97077C3AA5D}.Release|Any CPU.Build.0 = Release|Any CPU
	EndGlobalSection
	GlobalSection(SolutionProperties) = preSolution
		HideSolutionNode = FALSE
	EndGlobalSection
	GlobalSection(ExtensibilityGlobals) = postSolution
		SolutionGuid = {D5BBE1FD-101E-425F-B3E1-37FECDB167F0}
	EndGlobalSection
EndGlobal
